
Microsoft Visual Studio Solution File, Format Version 12.00
# Visual Studio Version 16
VisualStudioVersion = 16.0.31105.61
MinimumVisualStudioVersion = 10.0.40219.1
Project("{9A19103F-16F7-4668-BE54-9A1E7A4F7556}") = "GestioneDeiTask", "Task\GestioneDeiTask.csproj", "{C3359AA4-509A-450B-AC71-44F76825BA20}"
EndProject
Global
	GlobalSection(SolutionConfigurationPlatforms) = preSolution
		Debug|Any CPU = Debug|Any CPU
		Release|Any CPU = Release|Any CPU
	EndGlobalSection
	GlobalSection(ProjectConfigurationPlatforms) = postSolution
		{C3359AA4-509A-450B-AC71-44F76825BA20}.Debug|Any CPU.ActiveCfg = Debug|Any CPU
		{C3359AA4-509A-450B-AC71-44F76825BA20}.Debug|Any CPU.Build.0 = Debug|Any CPU
		{C3359AA4-509A-450B-AC71-44F76825BA20}.Release|Any CPU.ActiveCfg = Release|Any CPU
		{C3359AA4-509A-450B-AC71-44F76825BA20}.Release|Any CPU.Build.0 = Release|Any CPU
	EndGlobalSection
	GlobalSection(SolutionProperties) = preSolution
		HideSolutionNode = FALSE
	EndGlobalSection
	GlobalSection(ExtensibilityGlobals) = postSolution
		SolutionGuid = {6CCD1927-13D1-4A92-86B5-EC4F411522B9}
	EndGlobalSection
EndGlobal
